
Microsoft Visual Studio Solution File, Format Version 12.00
# Visual Studio Version 17
VisualStudioVersion = 17.8.34408.163
MinimumVisualStudioVersion = 10.0.40219.1
Project("{FAE04EC0-301F-11D3-BF4B-00C04F79EFBC}") = "Практикум на каникулы", "Практикум на каникулы\Практикум на каникулы.csproj", "{AF1E718F-D51D-410E-B566-E423725C3440}"
EndProject
Global
	GlobalSection(SolutionConfigurationPlatforms) = preSolution
		Debug|Any CPU = Debug|Any CPU
		Release|Any CPU = Release|Any CPU
	EndGlobalSection
	GlobalSection(ProjectConfigurationPlatforms) = postSolution
		{AF1E718F-D51D-410E-B566-E423725C3440}.Debug|Any CPU.ActiveCfg = Debug|Any CPU
		{AF1E718F-D51D-410E-B566-E423725C3440}.Debug|Any CPU.Build.0 = Debug|Any CPU
		{AF1E718F-D51D-410E-B566-E423725C3440}.Release|Any CPU.ActiveCfg = Release|Any CPU
		{AF1E718F-D51D-410E-B566-E423725C3440}.Release|Any CPU.Build.0 = Release|Any CPU
	EndGlobalSection
	GlobalSection(SolutionProperties) = preSolution
		HideSolutionNode = FALSE
	EndGlobalSection
	GlobalSection(ExtensibilityGlobals) = postSolution
		SolutionGuid = {23303196-391A-43D8-8A14-BB39D1DA22E6}
	EndGlobalSection
EndGlobal
